github.com/golang/protobuf v1.2.1-0.20190514181236-7800af189d76/go.mod h1:Zfz6qcDoDBESdv6JsKsGpgNHnkvwJAJwcA9eL+mOkgc=
github.com/golang/protobuf v1.2.1-0.20190515194842-7574ba03306e/go.mod h1:GjgUz9uwrRQmdPBBrFqiVbojAmlpy6ryM6DCzC+20rE=
github.com/golang/protobuf v1.2.1-0.20190516201927-a2cd3ac1b343/go.mod h1:PScGDF2x230A126tLt9Ol9RjhXzbiPJrt/CogooD2mE=
github.com/golang/protobuf v1.2.1-0.20190516215712-ae2eaafab405/go.mod h1:UmP8hhPKR5WWIjbT9v0JEVT+U0DBSjbW8KaZVeyFfRE=
github.com/golang/protobuf v1.2.1-0.20190523175523-a1331f0b4ab4/go.mod h1:G+fNMoyvKWZDB7PCDHF+dXbH9OeE3+JoozCd9V7i66U=
github.com/golang/protobuf v1.2.1-0.20190605195750-76c9e09470ba/go.mod h1:S1YIJXvYHGRCG2UmZsOcElkAYfvZLg2sDRr9+Xu8JXU=
github.com/golang/protobuf v1.2.1-0.20190617175902-f94016f5239f/go.mod h1:G+HpKX7pYZAVkElkAWZkr08MToW6pTp/vs+E9osFfbg=
github.com/google/go-cmp v0.3.0 h1:crn/baboCvb5fXaQ0IJ1SGTsTVrWpDsCWC8EGETZijY=
github.com/google/go-cmp v0.3.0/go.mod h1:8QqcDgzrUqlUb/G2PQTWiueGozuR1884gddMywk6iLU=
google.golang.org/protobuf v0.0.0-20190514172829-e89e6244e0e8/go.mod h1:791zQGC15vDqjpmPRn1uGPu5oHy/Jzw/Q1n5JsgIIcY=
google.golang.org/protobuf v0.0.0-20190514231807-cdb777356907/go.mod h1:HeRLsKXv4+wE27dOIGwnqcOgq6a1O/GJ7mGhiEPnBrU=
google.golang.org/protobuf v0.0.0-20190516201745-40b83d67fc75/go.mod h1:jf+u8AHuKtkib+0J4/bQXPNzCmT3V9a02hVzYKtatuw=
google.golang.org/protobuf v0.0.0-20190516215540-a95b29fbf623/go.mod h1:cWWmz5lsCWIcqGLROrKq5Lu231IJw2PzqOZ8cgspbfY=
google.golang.org/protobuf v0.0.0-20190522194032-21ade498bd69/go.mod h1:cJytyYi/6qdwy/+gD49hmgHcwD7zhWxE/1KPEslaZ3M=
google.golang.org/protobuf v0.0.0-20190605195314-89d49632e5cf/go.mod h1:Btug4TBaP5wNYcb2zGKDTS7WMcaPPLuqEAKfEAZWYbo=
google.golang.org/protobuf v0.0.0-20190617175724-bd7b7a9e0c26/go.mod h1:+FOB8T5/Yw4ywwdyeun9/KlDeuwFYBkNQ+kVuwj9C94=
google.golang.org/protobuf v0.0.0-20190620020611-d888139e7b59 h1:8413FO+8BbzBumkamWfo1VRHJyPBKBUeerQodlLbb0g=
google.golang.org/protobuf v0.0.0-20190620020611-d888139e7b59/go.mod h1:of3pt14Y+dOxz2tBOHXEoapPpKFC15/0zWhPAddkfsU=
